
Microsoft Visual Studio Solution File, Format Version 12.00
# Visual Studio Version 17
VisualStudioVersion = 17.12.35514.174 d17.12
MinimumVisualStudioVersion = 10.0.40219.1
Project("{FAE04EC0-301F-11D3-BF4B-00C04F79EFBC}") = "PizzaSiparisVeMenu.ErisimKatmani", "PizzaSiparisVeMenu.ErisimKatmani\PizzaSiparisVeMenu.ErisimKatmani.csproj", "{9D62FC2C-8244-4278-BC5F-57029DA2C7DC}"
EndProject
Project("{FAE04EC0-301F-11D3-BF4B-00C04F79EFBC}") = "PizzaSiparisVeMenu.IsKatmani", "PizzaSiparisVeMenu.IsKatmani\PizzaSiparisVeMenu.IsKatmani.csproj", "{60CCC1D1-5EA7-4101-A04D-EFA9A4A70249}"
EndProject
Project("{FAE04EC0-301F-11D3-BF4B-00C04F79EFBC}") = "PizzaSiparisVeMenu.SunumKatmani", "PizzaSiparisVeMenu.SunumKatmani\PizzaSiparisVeMenu.SunumKatmani.csproj", "{99396F6A-EE9B-4002-B457-F0F471342DD9}"
EndProject
Project("{FAE04EC0-301F-11D3-BF4B-00C04F79EFBC}") = "PizzaSiparisVeMenu.VarlikKatmani", "PizzaSiparisVeMenu.VarlikKatmani\PizzaSiparisVeMenu.VarlikKatmani.csproj", "{DD26C793-981F-40DC-BD00-CFFA998B442F}"
EndProject
Global
	GlobalSection(SolutionConfigurationPlatforms) = preSolution
		Debug|Any CPU = Debug|Any CPU
		Release|Any CPU = Release|Any CPU
	EndGlobalSection
	GlobalSection(ProjectConfigurationPlatforms) = postSolution
		{9D62FC2C-8244-4278-BC5F-57029DA2C7DC}.Debug|Any CPU.ActiveCfg = Debug|Any CPU
		{9D62FC2C-8244-4278-BC5F-57029DA2C7DC}.Debug|Any CPU.Build.0 = Debug|Any CPU
		{9D62FC2C-8244-4278-BC5F-57029DA2C7DC}.Release|Any CPU.ActiveCfg = Release|Any CPU
		{9D62FC2C-8244-4278-BC5F-57029DA2C7DC}.Release|Any CPU.Build.0 = Release|Any CPU
		{60CCC1D1-5EA7-4101-A04D-EFA9A4A70249}.Debug|Any CPU.ActiveCfg = Debug|Any CPU
		{60CCC1D1-5EA7-4101-A04D-EFA9A4A70249}.Debug|Any CPU.Build.0 = Debug|Any CPU
		{60CCC1D1-5EA7-4101-A04D-EFA9A4A70249}.Release|Any CPU.ActiveCfg = Release|Any CPU
		{60CCC1D1-5EA7-4101-A04D-EFA9A4A70249}.Release|Any CPU.Build.0 = Release|Any CPU
		{99396F6A-EE9B-4002-B457-F0F471342DD9}.Debug|Any CPU.ActiveCfg = Debug|Any CPU
		{99396F6A-EE9B-4002-B457-F0F471342DD9}.Debug|Any CPU.Build.0 = Debug|Any CPU
		{99396F6A-EE9B-4002-B457-F0F471342DD9}.Release|Any CPU.ActiveCfg = Release|Any CPU
		{99396F6A-EE9B-4002-B457-F0F471342DD9}.Release|Any CPU.Build.0 = Release|Any CPU
		{DD26C793-981F-40DC-BD00-CFFA998B442F}.Debug|Any CPU.ActiveCfg = Debug|Any CPU
		{DD26C793-981F-40DC-BD00-CFFA998B442F}.Debug|Any CPU.Build.0 = Debug|Any CPU
		{DD26C793-981F-40DC-BD00-CFFA998B442F}.Release|Any CPU.ActiveCfg = Release|Any CPU
		{DD26C793-981F-40DC-BD00-CFFA998B442F}.Release|Any CPU.Build.0 = Release|Any CPU
	EndGlobalSection
	GlobalSection(SolutionProperties) = preSolution
		HideSolutionNode = FALSE
	EndGlobalSection
EndGlobal
